
Microsoft Visual Studio Solution File, Format Version 12.00
# Visual Studio Version 17
VisualStudioVersion = 17.8.34330.188
MinimumVisualStudioVersion = 10.0.40219.1
Project("{FAE04EC0-301F-11D3-BF4B-00C04F79EFBC}") = "ChallengeApp", "ChallengeApp\ChallengeApp.csproj", "{AE94AC46-B7F7-4BD7-8C90-6752EA5E0E8F}"
EndProject
Global
	GlobalSection(SolutionConfigurationPlatforms) = preSolution
		Debug|Any CPU = Debug|Any CPU
		Release|Any CPU = Release|Any CPU
	EndGlobalSection
	GlobalSection(ProjectConfigurationPlatforms) = postSolution
		{AE94AC46-B7F7-4BD7-8C90-6752EA5E0E8F}.Debug|Any CPU.ActiveCfg = Debug|Any CPU
		{AE94AC46-B7F7-4BD7-8C90-6752EA5E0E8F}.Debug|Any CPU.Build.0 = Debug|Any CPU
		{AE94AC46-B7F7-4BD7-8C90-6752EA5E0E8F}.Release|Any CPU.ActiveCfg = Release|Any CPU
		{AE94AC46-B7F7-4BD7-8C90-6752EA5E0E8F}.Release|Any CPU.Build.0 = Release|Any CPU
	EndGlobalSection
	GlobalSection(SolutionProperties) = preSolution
		HideSolutionNode = FALSE
	EndGlobalSection
	GlobalSection(ExtensibilityGlobals) = postSolution
		SolutionGuid = {91F310CC-3284-4C28-BB53-A4693F3AE4CE}
	EndGlobalSection
EndGlobal
